// !$*UTF8*$!
{
	archiveVersion = 1;
	classes = {
	};
	objectVersion = 46;
	objects = {

/* Begin PBXBuildFile section */
		F37E36A81EE63FBE0021DA52 /* AppDelegate.swift in Sources */ = {isa = PBXBuildFile; fileRef = F37E36A71EE63FBE0021DA52 /* AppDelegate.swift */; };
		F37E36AA1EE63FBE0021DA52 /* ViewController.swift in Sources */ = {isa = PBXBuildFile; fileRef = F37E36A91EE63FBE0021DA52 /* ViewController.swift */; };
		F37E36AD1EE63FBE0021DA52 /* Main.storyboard in Resources */ = {isa = PBXBuildFile; fileRef = F37E36AB1EE63FBE0021DA52 /* Main.storyboard */; };
		F37E36AF1EE63FBE0021DA52 /* Assets.xcassets in Resources */ = {isa = PBXBuildFile; fileRef = F37E36AE1EE63FBE0021DA52 /* Assets.xcassets */; };
		F37E36B21EE63FBE0021DA52 /* LaunchScreen.storyboard in Resources */ = {isa = PBXBuildFile; fileRef = F37E36B01EE63FBE0021DA52 /* LaunchScreen.storyboard */; };
		F37E36BD1EE63FBE0021DA52 /* CalcAppTests.swift in Sources */ = {isa = PBXBuildFile; fileRef = F37E36BC1EE63FBE0021DA52 /* CalcAppTests.swift */; };
		F37E36C81EE63FBF0021DA52 /* CalcAppUITests.swift in Sources */ = {isa = PBXBuildFile; fileRef = F37E36C71EE63FBF0021DA52 /* CalcAppUITests.swift */; };
		F37E36D61EE65C0F0021DA52 /* ResultViewController.swift in Sources */ = {isa = PBXBuildFile; fileRef = F37E36D51EE65C0F0021DA52 /* ResultViewController.swift */; };
/* End PBXBuildFile section */

/* Begin PBXContainerItemProxy section */
		F37E36B91EE63FBE0021DA52 /* PBXContainerItemProxy */ = {
			isa = PBXContainerItemProxy;
			containerPortal = F37E369C1EE63FBE0021DA52 /* Project object */;
			proxyType = 1;
			remoteGlobalIDString = F37E36A31EE63FBE0021DA52;
			remoteInfo = CalcApp;
		};
		F37E36C41EE63FBF0021DA52 /* PBXContainerItemProxy */ = {
			isa = PBXContainerItemProxy;
			containerPortal = F37E369C1EE63FBE0021DA52 /* Project object */;
			proxyType = 1;
			remoteGlobalIDString = F37E36A31EE63FBE0021DA52;
			remoteInfo = CalcApp;
		};
/* End PBXContainerItemProxy section */

/* Begin PBXFileReference section */
		F37E36A41EE63FBE0021DA52 /* CalcApp.app */ = {isa = PBXFileReference; explicitFileType = wrapper.application; includeInIndex = 0; path = CalcApp.app; sourceTree = BUILT_PRODUCTS_DIR; };
		F37E36A71EE63FBE0021DA52 /* AppDelegate.swift */ = {isa = PBXFileReference; lastKnownFileType = sourcecode.swift; path = AppDelegate.swift; sourceTree = "<group>"; };
		F37E36A91EE63FBE0021DA52 /* ViewController.swift */ = {isa = PBXFileReference; lastKnownFileType = sourcecode.swift; path = ViewController.swift; sourceTree = "<group>"; };
		F37E36AC1EE63FBE0021DA52 /* Base */ = {isa = PBXFileReference; lastKnownFileType = file.storyboard; name = Base; path = Base.lproj/Main.storyboard; sourceTree = "<group>"; };
		F37E36AE1EE63FBE0021DA52 /* Assets.xcassets */ = {isa = PBXFileReference; lastKnownFileType = folder.assetcatalog; path = Assets.xcassets; sourceTree = "<group>"; };
		F37E36B11EE63FBE0021DA52 /* Base */ = {isa = PBXFileReference; lastKnownFileType = file.storyboard; name = Base; path = Base.lproj/LaunchScreen.storyboard; sourceTree = "<group>"; };
		F37E36B31EE63FBE0021DA52 /* Info.plist */ = {isa = PBXFileReference; lastKnownFileType = text.plist.xml; path = Info.plist; sourceTree = "<group>"; };
		F37E36B81EE63FBE0021DA52 /* CalcAppTests.xctest */ = {isa = PBXFileReference; explicitFileType = wrapper.cfbundle; includeInIndex = 0; path = CalcAppTests.xctest; sourceTree = BUILT_PRODUCTS_DIR; };
		F37E36BC1EE63FBE0021DA52 /* CalcAppTests.swift */ = {isa = PBXFileReference; lastKnownFileType = sourcecode.swift; path = CalcAppTests.swift; sourceTree = "<group>"; };
		F37E36BE1EE63FBF0021DA52 /* Info.plist */ = {isa = PBXFileReference; lastKnownFileType = text.plist.xml; path = Info.plist; sourceTree = "<group>"; };
		F37E36C31EE63FBF0021DA52 /* CalcAppUITests.xctest */ = {isa = PBXFileReference; explicitFileType = wrapper.cfbundle; includeInIndex = 0; path = CalcAppUITests.xctest; sourceTree = BUILT_PRODUCTS_DIR; };
		F37E36C71EE63FBF0021DA52 /* CalcAppUITests.swift */ = {isa = PBXFileReference; lastKnownFileType = sourcecode.swift; path = CalcAppUITests.swift; sourceTree = "<group>"; };
		F37E36C91EE63FBF0021DA52 /* Info.plist */ = {isa = PBXFileReference; lastKnownFileType = text.plist.xml; path = Info.plist; sourceTree = "<group>"; };
		F37E36D51EE65C0F0021DA52 /* ResultViewController.swift */ = {isa = PBXFileReference; fileEncoding = 4; lastKnownFileType = sourcecode.swift; path = ResultViewController.swift; sourceTree = "<group>"; };
/* End PBXFileReference section */

/* Begin PBXFrameworksBuildPhase section */
		F37E36A11EE63FBE0021DA52 /* Frameworks */ = {
			isa = PBXFrameworksBuildPhase;
			buildActionMask = 2147483647;
			files = (
			);
			runOnlyForDeploymentPostprocessing = 0;
		};
		F37E36B51EE63FBE0021DA52 /* Frameworks */ = {
			isa = PBXFrameworksBuildPhase;
			buildActionMask = 2147483647;
			files = (
			);
			runOnlyForDeploymentPostprocessing = 0;
		};
		F37E36C01EE63FBF0021DA52 /* Frameworks */ = {
			isa = PBXFrameworksBuildPhase;
			buildActionMask = 2147483647;
			files = (
			);
			runOnlyForDeploymentPostprocessing = 0;
		};
/* End PBXFrameworksBuildPhase section */

/* Begin PBXGroup section */
		F37E369B1EE63FBE0021DA52 = {
			isa = PBXGroup;
			children = (
				F37E36A61EE63FBE0021DA52 /* CalcApp */,
				F37E36BB1EE63FBE0021DA52 /* CalcAppTests */,
				F37E36C61EE63FBF0021DA52 /* CalcAppUITests */,
				F37E36A51EE63FBE0021DA52 /* Products */,
			);
			sourceTree = "<group>";
		};
		F37E36A51EE63FBE0021DA52 /* Products */ = {
			isa = PBXGroup;
			children = (
				F37E36A41EE63FBE0021DA52 /* CalcApp.app */,
				F37E36B81EE63FBE0021DA52 /* CalcAppTests.xctest */,
				F37E36C31EE63FBF0021DA52 /* CalcAppUITests.xctest */,
			);
			name = Products;
			sourceTree = "<group>";
		};
		F37E36A61EE63FBE0021DA52 /* CalcApp */ = {
			isa = PBXGroup;
			children = (
				F37E36A71EE63FBE0021DA52 /* AppDelegate.swift */,
				F37E36A91EE63FBE0021DA52 /* ViewController.swift */,
				F37E36D51EE65C0F0021DA52 /* ResultViewController.swift */,
				F37E36AB1EE63FBE0021DA52 /* Main.storyboard */,
				F37E36AE1EE63FBE0021DA52 /* Assets.xcassets */,
				F37E36B01EE63FBE0021DA52 /* LaunchScreen.storyboard */,
				F37E36B31EE63FBE0021DA52 /* Info.plist */,
			);
			path = CalcApp;
			sourceTree = "<group>";
		};
		F37E36BB1EE63FBE0021DA52 /* CalcAppTests */ = {
			isa = PBXGroup;
			children = (
				F37E36BC1EE63FBE0021DA52 /* CalcAppTests.swift */,
				F37E36BE1EE63FBF0021DA52 /* Info.plist */,
			);
			path = CalcAppTests;
			sourceTree = "<group>";
		};
		F37E36C61EE63FBF0021DA52 /* CalcAppUITests */ = {
			isa = PBXGroup;
			children = (
				F37E36C71EE63FBF0021DA52 /* CalcAppUITests.swift */,
				F37E36C91EE63FBF0021DA52 /* Info.plist */,
			);
			path = CalcAppUITests;
			sourceTree = "<group>";
		};
/* End PBXGroup section */

/* Begin PBXNativeTarget section */
		F37E36A31EE63FBE0021DA52 /* CalcApp */ = {
			isa = PBXNativeTarget;
			buildConfigurationList = F37E36CC1EE63FBF0021DA52 /* Build configuration list for PBXNativeTarget "CalcApp" */;
			buildPhases = (
				F37E36A01EE63FBE0021DA52 /* Sources */,
				F37E36A11EE63FBE0021DA52 /* Frameworks */,
				F37E36A21EE63FBE0021DA52 /* Resources */,
			);
			buildRules = (
			);
			dependencies = (
			);
			name = CalcApp;
			productName = CalcApp;
			productReference = F37E36A41EE63FBE0021DA52 /* CalcApp.app */;
			productType = "com.apple.product-type.application";
		};
		F37E36B71EE63FBE0021DA52 /* CalcAppTests */ = {
			isa = PBXNativeTarget;
			buildConfigurationList = F37E36CF1EE63FBF0021DA52 /* Build configuration list for PBXNativeTarget "CalcAppTests" */;
			buildPhases = (
				F37E36B41EE63FBE0021DA52 /* Sources */,
				F37E36B51EE63FBE0021DA52 /* Frameworks */,
				F37E36B61EE63FBE0021DA52 /* Resources */,
			);
			buildRules = (
			);
			dependencies = (
				F37E36BA1EE63FBE0021DA52 /* PBXTargetDependency */,
			);
			name = CalcAppTests;
			productName = CalcAppTests;
			productReference = F37E36B81EE63FBE0021DA52 /* CalcAppTests.xctest */;
			productType = "com.apple.product-type.bundle.unit-test";
		};
		F37E36C21EE63FBF0021DA52 /* CalcAppUITests */ = {
			isa = PBXNativeTarget;
			buildConfigurationList = F37E36D21EE63FBF0021DA52 /* Build configuration list for PBXNativeTarget "CalcAppUITests" */;
			buildPhases = (
				F37E36BF1EE63FBF0021DA52 /* Sources */,
				F37E36C01EE63FBF0021DA52 /* Frameworks */,
				F37E36C11EE63FBF0021DA52 /* Resources */,
			);
			buildRules = (
			);
			dependencies = (
				F37E36C51EE63FBF0021DA52 /* PBXTargetDependency */,
			);
			name = CalcAppUITests;
			productName = CalcAppUITests;
			productReference = F37E36C31EE63FBF0021DA52 /* CalcAppUITests.xctest */;
			productType = "com.apple.product-type.bundle.ui-testing";
		};
/* End PBXNativeTarget section */

/* Begin PBXProject section */
		F37E369C1EE63FBE0021DA52 /* Project object */ = {
			isa = PBXProject;
			attributes = {
				LastSwiftUpdateCheck = 0830;
				LastUpgradeCheck = 0830;
				ORGANIZATIONNAME = d_na_ser;
				TargetAttributes = {
					F37E36A31EE63FBE0021DA52 = {
						CreatedOnToolsVersion = 8.3.2;
						ProvisioningStyle = Automatic;
					};
					F37E36B71EE63FBE0021DA52 = {
						CreatedOnToolsVersion = 8.3.2;
						ProvisioningStyle = Automatic;
						TestTargetID = F37E36A31EE63FBE0021DA52;
					};
					F37E36C21EE63FBF0021DA52 = {
						CreatedOnToolsVersion = 8.3.2;
						ProvisioningStyle = Automatic;
						TestTargetID = F37E36A31EE63FBE0021DA52;
					};
				};
			};
			buildConfigurationList = F37E369F1EE63FBE0021DA52 /* Build configuration list for PBXProject "CalcApp" */;
			compatibilityVersion = "Xcode 3.2";
			developmentRegion = English;
			hasScannedForEncodings = 0;
			knownRegions = (
				en,
				Base,
			);
			mainGroup = F37E369B1EE63FBE0021DA52;
			productRefGroup = F37E36A51EE63FBE0021DA52 /* Products */;
			projectDirPath = "";
			projectRoot = "";
			targets = (
				F37E36A31EE63FBE0021DA52 /* CalcApp */,
				F37E36B71EE63FBE0021DA52 /* CalcAppTests */,
				F37E36C21EE63FBF0021DA52 /* CalcAppUITests */,
			);
		};
/* End PBXProject section */

/* Begin PBXResourcesBuildPhase section */
		F37E36A21EE63FBE0021DA52 /* Resources */ = {
			isa = PBXResourcesBuildPhase;
			buildActionMask = 2147483647;
			files = (
				F37E36B21EE63FBE0021DA52 /* LaunchScreen.storyboard in Resources */,
				F37E36AF1EE63FBE0021DA52 /* Assets.xcassets in Resources */,
				F37E36AD1EE63FBE0021DA52 /* Main.storyboard in Resources */,
			);
			runOnlyForDeploymentPostprocessing = 0;
		};
		F37E36B61EE63FBE0021DA52 /* Resources */ = {
			isa = PBXResourcesBuildPhase;
			buildActionMask = 2147483647;
			files = (
			);
			runOnlyForDeploymentPostprocessing = 0;
		};
		F37E36C11EE63FBF0021DA52 /* Resources */ = {
			isa = PBXResourcesBuildPhase;
			buildActionMask = 2147483647;
			files = (
			);
			runOnlyForDeploymentPostprocessing = 0;
		};
/* End PBXResourcesBuildPhase section */

/* Begin PBXSourcesBuildPhase section */
		F37E36A01EE63FBE0021DA52 /* Sources */ = {
			isa = PBXSourcesBuildPhase;
			buildActionMask = 2147483647;
			files = (
				F37E36AA1EE63FBE0021DA52 /* ViewController.swift in Sources */,
				F37E36A81EE63FBE0021DA52 /* AppDelegate.swift in Sources */,
				F37E36D61EE65C0F0021DA52 /* ResultViewController.swift in Sources */,
			);
			runOnlyForDeploymentPostprocessing = 0;
		};
		F37E36B41EE63FBE0021DA52 /* Sources */ = {
			isa = PBXSourcesBuildPhase;
			buildActionMask = 2147483647;
			files = (
				F37E36BD1EE63FBE0021DA52 /* CalcAppTests.swift in Sources */,
			);
			runOnlyForDeploymentPostprocessing = 0;
		};
		F37E36BF1EE63FBF0021DA52 /* Sources */ = {
			isa = PBXSourcesBuildPhase;
			buildActionMask = 2147483647;
			files = (
				F37E36C81EE63FBF0021DA52 /* CalcAppUITests.swift in Sources */,
			);
			runOnlyForDeploymentPostprocessing = 0;
		};
/* End PBXSourcesBuildPhase section */

/* Begin PBXTargetDependency section */
		F37E36BA1EE63FBE0021DA52 /* PBXTargetDependency */ = {
			isa = PBXTargetDependency;
			target = F37E36A31EE63FBE0021DA52 /* CalcApp */;
			targetProxy = F37E36B91EE63FBE0021DA52 /* PBXContainerItemProxy */;
		};
		F37E36C51EE63FBF0021DA52 /* PBXTargetDependency */ = {
			isa = PBXTargetDependency;
			target = F37E36A31EE63FBE0021DA52 /* CalcApp */;
			targetProxy = F37E36C41EE63FBF0021DA52 /* PBXContainerItemProxy */;
		};
/* End PBXTargetDependency section */

/* Begin PBXVariantGroup section */
		F37E36AB1EE63FBE0021DA52 /* Main.storyboard */ = {
			isa = PBXVariantGroup;
			children = (
				F37E36AC1EE63FBE0021DA52 /* Base */,
			);
			name = Main.storyboard;
			sourceTree = "<group>";
		};
		F37E36B01EE63FBE0021DA52 /* LaunchScreen.storyboard */ = {
			isa = PBXVariantGroup;
			children = (
				F37E36B11EE63FBE0021DA52 /* Base */,
			);
			name = LaunchScreen.storyboard;
			sourceTree = "<group>";
		};
/* End PBXVariantGroup section */

/* Begin XCBuildConfiguration section */
		F37E36CA1EE63FBF0021DA52 /* Debug */ = {
			isa = XCBuildConfiguration;
			buildSettings = {
				ALWAYS_SEARCH_USER_PATHS = NO;
				CLANG_ANALYZER_NONNULL = YES;
				CLANG_ANALYZER_NUMBER_OBJECT_CONVERSION = YES_AGGRESSIVE;
				CLANG_CXX_LANGUAGE_STANDARD = "gnu++0x";
				CLANG_CXX_LIBRARY = "libc++";
				CLANG_ENABLE_MODULES = YES;
				CLANG_ENABLE_OBJC_ARC = YES;
				CLANG_WARN_BOOL_CONVERSION = YES;
				CLANG_WARN_CONSTANT_CONVERSION = YES;
				CLANG_WARN_DIRECT_OBJC_ISA_USAGE = YES_ERROR;
				CLANG_WARN_DOCUMENTATION_COMMENTS = YES;
				CLANG_WARN_EMPTY_BODY = YES;
				CLANG_WARN_ENUM_CONVERSION = YES;
				CLANG_WARN_INFINITE_RECURSION = YES;
				CLANG_WARN_INT_CONVERSION = YES;
				CLANG_WARN_OBJC_ROOT_CLASS = YES_ERROR;
				CLANG_WARN_SUSPICIOUS_MOVE = YES;
				CLANG_WARN_UNREACHABLE_CODE = YES;
				CLANG_WARN__DUPLICATE_METHOD_MATCH = YES;
				"CODE_SIGN_IDENTITY[sdk=iphoneos*]" = "iPhone Developer";
				COPY_PHASE_STRIP = NO;
				DEBUG_INFORMATION_FORMAT = dwarf;
				ENABLE_STRICT_OBJC_MSGSEND = YES;
				ENABLE_TESTABILITY = YES;
				GCC_C_LANGUAGE_STANDARD = gnu99;
				GCC_DYNAMIC_NO_PIC = NO;
				GCC_NO_COMMON_BLOCKS = YES;
				GCC_OPTIMIZATION_LEVEL = 0;
				GCC_PREPROCESSOR_DEFINITIONS = (
					"DEBUG=1",
					"$(inherited)",
				);
				GCC_WARN_64_TO_32_BIT_CONVERSION = YES;
				GCC_WARN_ABOUT_RETURN_TYPE = YES_ERROR;
				GCC_WARN_UNDECLARED_SELECTOR = YES;
				GCC_WARN_UNINITIALIZED_AUTOS = YES_AGGRESSIVE;
				GCC_WARN_UNUSED_FUNCTION = YES;
				GCC_WARN_UNUSED_VARIABLE = YES;
				IPHONEOS_DEPLOYMENT_TARGET = 10.3;
				MTL_ENABLE_DEBUG_INFO = YES;
				ONLY_ACTIVE_ARCH = YES;
				SDKROOT = iphoneos;
				SWIFT_ACTIVE_COMPILATION_CONDITIONS = DEBUG;
				SWIFT_OPTIMIZATION_LEVEL = "-Onone";
				TARGETED_DEVICE_FAMILY = "1,2";
			};
			name = Debug;
		};
		F37E36CB1EE63FBF0021DA52 /* Release */ = {
			isa = XCBuildConfiguration;
			buildSettings = {
				ALWAYS_SEARCH_USER_PATHS = NO;
				CLANG_ANALYZER_NONNULL = YES;
				CLANG_ANALYZER_NUMBER_OBJECT_CONVERSION = YES_AGGRESSIVE;
				CLANG_CXX_LANGUAGE_STANDARD = "gnu++0x";
				CLANG_CXX_LIBRARY = "libc++";
				CLANG_ENABLE_MODULES = YES;
				CLANG_ENABLE_OBJC_ARC = YES;
				CLANG_WARN_BOOL_CONVERSION = YES;
				CLANG_WARN_CONSTANT_CONVERSION = YES;
				CLANG_WARN_DIRECT_OBJC_ISA_USAGE = YES_ERROR;
				CLANG_WARN_DOCUMENTATION_COMMENTS = YES;
				CLANG_WARN_EMPTY_BODY = YES;
				CLANG_WARN_ENUM_CONVERSION = YES;
				CLANG_WARN_INFINITE_RECURSION = YES;
				CLANG_WARN_INT_CONVERSION = YES;
				CLANG_WARN_OBJC_ROOT_CLASS = YES_ERROR;
				CLANG_WARN_SUSPICIOUS_MOVE = YES;
				CLANG_WARN_UNREACHABLE_CODE = YES;
				CLANG_WARN__DUPLICATE_METHOD_MATCH = YES;
				"CODE_SIGN_IDENTITY[sdk=iphoneos*]" = "iPhone Developer";
				COPY_PHASE_STRIP = NO;
				DEBUG_INFORMATION_FORMAT = "dwarf-with-dsym";
				ENABLE_NS_ASSERTIONS = NO;
				ENABLE_STRICT_OBJC_MSGSEND = YES;
				GCC_C_LANGUAGE_STANDARD = gnu99;
				GCC_NO_COMMON_BLOCKS = YES;
				GCC_WARN_64_TO_32_BIT_CONVERSION = YES;
				GCC_WARN_ABOUT_RETURN_TYPE = YES_ERROR;
				GCC_WARN_UNDECLARED_SELECTOR = YES;
				GCC_WARN_UNINITIALIZED_AUTOS = YES_AGGRESSIVE;
				GCC_WARN_UNUSED_FUNCTION = YES;
				GCC_WARN_UNUSED_VARIABLE = YES;
				IPHONEOS_DEPLOYMENT_TARGET = 10.3;
				MTL_ENABLE_DEBUG_INFO = NO;
				SDKROOT = iphoneos;
				SWIFT_OPTIMIZATION_LEVEL = "-Owholemodule";
				TARGETED_DEVICE_FAMILY = "1,2";
				VALIDATE_PRODUCT = YES;
			};
			name = Release;
		};
		F37E36CD1EE63FBF0021DA52 /* Debug */ = {
			isa = XCBuildConfiguration;
			buildSettings = {
				ASSETCATALOG_COMPILER_APPICON_NAME = AppIcon;
				INFOPLIST_FILE = CalcApp/Info.plist;
				LD_RUNPATH_SEARCH_PATHS = "$(inherited) @executable_path/Frameworks";
				PRODUCT_BUNDLE_IDENTIFIER = "d-na-ser.CalcApp";
				PRODUCT_NAME = "$(TARGET_NAME)";
				SWIFT_VERSION = 3.0;
			};
			name = Debug;
		};
		F37E36CE1EE63FBF0021DA52 /* Release */ = {
			isa = XCBuildConfiguration;
			buildSettings = {
				ASSETCATALOG_COMPILER_APPICON_NAME = AppIcon;
				INFOPLIST_FILE = CalcApp/Info.plist;
				LD_RUNPATH_SEARCH_PATHS = "$(inherited) @executable_path/Frameworks";
				PRODUCT_BUNDLE_IDENTIFIER = "d-na-ser.CalcApp";
				PRODUCT_NAME = "$(TARGET_NAME)";
				SWIFT_VERSION = 3.0;
			};
			name = Release;
		};
		F37E36D01EE63FBF0021DA52 /* Debug */ = {
			isa = XCBuildConfiguration;
			buildSettings = {
				ALWAYS_EMBED_SWIFT_STANDARD_LIBRARIES = YES;
				BUNDLE_LOADER = "$(TEST_HOST)";
				INFOPLIST_FILE = CalcAppTests/Info.plist;
				LD_RUNPATH_SEARCH_PATHS = "$(inherited) @executable_path/Frameworks @loader_path/Frameworks";
				PRODUCT_BUNDLE_IDENTIFIER = "d-na-ser.CalcAppTests";
				PRODUCT_NAME = "$(TARGET_NAME)";
				SWIFT_VERSION = 3.0;
				TEST_HOST = "$(BUILT_PRODUCTS_DIR)/CalcApp.app/CalcApp";
			};
			name = Debug;
		};
		F37E36D11EE63FBF0021DA52 /* Release */ = {
			isa = XCBuildConfiguration;
			buildSettings = {
				ALWAYS_EMBED_SWIFT_STANDARD_LIBRARIES = YES;
				BUNDLE_LOADER = "$(TEST_HOST)";
				INFOPLIST_FILE = CalcAppTests/Info.plist;
				LD_RUNPATH_SEARCH_PATHS = "$(inherited) @executable_path/Frameworks @loader_path/Frameworks";
				PRODUCT_BUNDLE_IDENTIFIER = "d-na-ser.CalcAppTests";
				PRODUCT_NAME = "$(TARGET_NAME)";
				SWIFT_VERSION = 3.0;
				TEST_HOST = "$(BUILT_PRODUCTS_DIR)/CalcApp.app/CalcApp";
			};
			name = Release;
		};
		F37E36D31EE63FBF0021DA52 /* Debug */ = {
			isa = XCBuildConfiguration;
			buildSettings = {
				ALWAYS_EMBED_SWIFT_STANDARD_LIBRARIES = YES;
				INFOPLIST_FILE = CalcAppUITests/Info.plist;
				LD_RUNPATH_SEARCH_PATHS = "$(inherited) @executable_path/Frameworks @loader_path/Frameworks";
				PRODUCT_BUNDLE_IDENTIFIER = "d-na-ser.CalcAppUITests";
				PRODUCT_NAME = "$(TARGET_NAME)";
				SWIFT_VERSION = 3.0;
				TEST_TARGET_NAME = CalcApp;
			};
			name = Debug;
		};
		F37E36D41EE63FBF0021DA52 /* Release */ = {
			isa = XCBuildConfiguration;
			buildSettings = {
				ALWAYS_EMBED_SWIFT_STANDARD_LIBRARIES = YES;
				INFOPLIST_FILE = CalcAppUITests/Info.plist;
				LD_RUNPATH_SEARCH_PATHS = "$(inherited) @executable_path/Frameworks @loader_path/Frameworks";
				PRODUCT_BUNDLE_IDENTIFIER = "d-na-ser.CalcAppUITests";
				PRODUCT_NAME = "$(TARGET_NAME)";
				SWIFT_VERSION = 3.0;
				TEST_TARGET_NAME = CalcApp;
			};
			name = Release;
		};
/* End XCBuildConfiguration section */

/* Begin XCConfigurationList section */
		F37E369F1EE63FBE0021DA52 /* Build configuration list for PBXProject "CalcApp" */ = {
			isa = XCConfigurationList;
			buildConfigurations = (
				F37E36CA1EE63FBF0021DA52 /* Debug */,
				F37E36CB1EE63FBF0021DA52 /* Release */,
			);
			defaultConfigurationIsVisible = 0;
			defaultConfigurationName = Release;
		};
		F37E36CC1EE63FBF0021DA52 /* Build configuration list for PBXNativeTarget "CalcApp" */ = {
			isa = XCConfigurationList;
			buildConfigurations = (
				F37E36CD1EE63FBF0021DA52 /* Debug */,
				F37E36CE1EE63FBF0021DA52 /* Release */,
			);
			defaultConfigurationIsVisible = 0;
			defaultConfigurationName = Release;
		};
		F37E36CF1EE63FBF0021DA52 /* Build configuration list for PBXNativeTarget "CalcAppTests" */ = {
			isa = XCConfigurationList;
			buildConfigurations = (
				F37E36D01EE63FBF0021DA52 /* Debug */,
				F37E36D11EE63FBF0021DA52 /* Release */,
			);
			defaultConfigurationIsVisible = 0;
			defaultConfigurationName = Release;
		};
		F37E36D21EE63FBF0021DA52 /* Build configuration list for PBXNativeTarget "CalcAppUITests" */ = {
			isa = XCConfigurationList;
			buildConfigurations = (
				F37E36D31EE63FBF0021DA52 /* Debug */,
				F37E36D41EE63FBF0021DA52 /* Release */,
			);
			defaultConfigurationIsVisible = 0;
			defaultConfigurationName = Release;
		};
/* End XCConfigurationList section */
	};
	rootObject = F37E369C1EE63FBE0021DA52 /* Project object */;
}
